
Microsoft Visual Studio Solution File, Format Version 12.00
# Visual Studio 15
VisualStudioVersion = 15.0.28307.168
MinimumVisualStudioVersion = 10.0.40219.1
Project("{FAE04EC0-301F-11D3-BF4B-00C04F79EFBC}") = "PracticeTesting", "PracticeTesting\PracticeTesting.csproj", "{056825FB-E872-4228-A5C8-C552DF8BA38C}"
EndProject
Global
	GlobalSection(SolutionConfigurationPlatforms) = preSolution
		Debug|Any CPU = Debug|Any CPU
		Release|Any CPU = Release|Any CPU
	EndGlobalSection
	GlobalSection(ProjectConfigurationPlatforms) = postSolution
		{056825FB-E872-4228-A5C8-C552DF8BA38C}.Debug|Any CPU.ActiveCfg = Debug|Any CPU
		{056825FB-E872-4228-A5C8-C552DF8BA38C}.Debug|Any CPU.Build.0 = Debug|Any CPU
		{056825FB-E872-4228-A5C8-C552DF8BA38C}.Release|Any CPU.ActiveCfg = Release|Any CPU
		{056825FB-E872-4228-A5C8-C552DF8BA38C}.Release|Any CPU.Build.0 = Release|Any CPU
	EndGlobalSection
	GlobalSection(SolutionProperties) = preSolution
		HideSolutionNode = FALSE
	EndGlobalSection
	GlobalSection(ExtensibilityGlobals) = postSolution
		SolutionGuid = {73402360-9E4F-460E-A450-3122E14590DD}
	EndGlobalSection
EndGlobal
